
Microsoft Visual Studio Solution File, Format Version 12.00
# Visual Studio Version 17
VisualStudioVersion = 17.9.34728.123
MinimumVisualStudioVersion = 10.0.40219.1
Project("{FAE04EC0-301F-11D3-BF4B-00C04F79EFBC}") = "salflet_Examen_Programacion", "salflet_Examen_Programacion.csproj", "{A1980055-8243-4819-830E-B1658F4BE849}"
EndProject
Global
	GlobalSection(SolutionConfigurationPlatforms) = preSolution
		Debug|Any CPU = Debug|Any CPU
		Release|Any CPU = Release|Any CPU
	EndGlobalSection
	GlobalSection(ProjectConfigurationPlatforms) = postSolution
		{A1980055-8243-4819-830E-B1658F4BE849}.Debug|Any CPU.ActiveCfg = Debug|Any CPU
		{A1980055-8243-4819-830E-B1658F4BE849}.Debug|Any CPU.Build.0 = Debug|Any CPU
		{A1980055-8243-4819-830E-B1658F4BE849}.Release|Any CPU.ActiveCfg = Release|Any CPU
		{A1980055-8243-4819-830E-B1658F4BE849}.Release|Any CPU.Build.0 = Release|Any CPU
	EndGlobalSection
	GlobalSection(SolutionProperties) = preSolution
		HideSolutionNode = FALSE
	EndGlobalSection
	GlobalSection(ExtensibilityGlobals) = postSolution
		SolutionGuid = {E9680FBC-3D0E-4284-9389-E4583670A021}
	EndGlobalSection
EndGlobal
